// !$*UTF8*$!
{
	archiveVersion = 1;
	classes = {
	};
	objectVersion = 46;
	objects = {

/* Begin PBXFileReference section */
		89032CB11B9720E000346168 /* downloads */ = {isa = PBXFileReference; lastKnownFileType = folder; path = downloads; sourceTree = "<group>"; };
		89F252D21B96298700648B8B /* images */ = {isa = PBXFileReference; lastKnownFileType = folder; path = images; sourceTree = "<group>"; };
		89F252D31B96299000648B8B /* javascripts */ = {isa = PBXFileReference; lastKnownFileType = folder; path = javascripts; sourceTree = "<group>"; };
		89F252D41B96299900648B8B /* stylesheets */ = {isa = PBXFileReference; lastKnownFileType = folder; path = stylesheets; sourceTree = "<group>"; };
		89F252D51B9629BB00648B8B /* index.html */ = {isa = PBXFileReference; indentWidth = 2; lastKnownFileType = text.html; path = index.html; sourceTree = "<group>"; tabWidth = 2; };
/* End PBXFileReference section */

/* Begin PBXGroup section */
		89F252CB1B96290200648B8B = {
			isa = PBXGroup;
			children = (
				89F252D51B9629BB00648B8B /* index.html */,
				89F252D21B96298700648B8B /* images */,
				89F252D31B96299000648B8B /* javascripts */,
				89F252D41B96299900648B8B /* stylesheets */,
				89032CB11B9720E000346168 /* downloads */,
			);
			sourceTree = "<group>";
		};
/* End PBXGroup section */

/* Begin PBXProject section */
		89F252CC1B96290200648B8B /* Project object */ = {
			isa = PBXProject;
			attributes = {
				LastUpgradeCheck = 0640;
			};
			buildConfigurationList = 89F252CF1B96290200648B8B /* Build configuration list for PBXProject "swiswi-gh-pages" */;
			compatibilityVersion = "Xcode 3.2";
			developmentRegion = English;
			hasScannedForEncodings = 0;
			knownRegions = (
				en,
			);
			mainGroup = 89F252CB1B96290200648B8B;
			projectDirPath = "";
			projectRoot = "";
			targets = (
			);
		};
/* End PBXProject section */

/* Begin XCBuildConfiguration section */
		89F252D01B96290200648B8B /* Debug */ = {
			isa = XCBuildConfiguration;
			buildSettings = {
			};
			name = Debug;
		};
		89F252D11B96290200648B8B /* Release */ = {
			isa = XCBuildConfiguration;
			buildSettings = {
			};
			name = Release;
		};
/* End XCBuildConfiguration section */

/* Begin XCConfigurationList section */
		89F252CF1B96290200648B8B /* Build configuration list for PBXProject "swiswi-gh-pages" */ = {
			isa = XCConfigurationList;
			buildConfigurations = (
				89F252D01B96290200648B8B /* Debug */,
				89F252D11B96290200648B8B /* Release */,
			);
			defaultConfigurationIsVisible = 0;
			defaultConfigurationName = Release;
		};
/* End XCConfigurationList section */
	};
	rootObject = 89F252CC1B96290200648B8B /* Project object */;
}
